// !$*UTF8*$!
{
	archiveVersion = 1;
	classes = {
	};
	objectVersion = 46;
	objects = {

/* Begin PBXBuildFile section */
		173E449E175AAA1600E351DF /* JDFlipNumberView.bundle in Resources */ = {isa = PBXBuildFile; fileRef = 173E449D175AAA1600E351DF /* JDFlipNumberView.bundle */; };
		173E44A3175AACC600E351DF /* name@2x.png in Resources */ = {isa = PBXBuildFile; fileRef = 173E449F175AACC600E351DF /* name@2x.png */; };
		173E44A4175AACC600E351DF /* next@2x.png in Resources */ = {isa = PBXBuildFile; fileRef = 173E44A0175AACC600E351DF /* next@2x.png */; };
		173E44A5175AACC600E351DF /* phonenumber@2x.png in Resources */ = {isa = PBXBuildFile; fileRef = 173E44A1175AACC600E351DF /* phonenumber@2x.png */; };
		173E44A6175AACC600E351DF /* welcome@2x.png in Resources */ = {isa = PBXBuildFile; fileRef = 173E44A2175AACC600E351DF /* welcome@2x.png */; };
		173E44A9175AAF0F00E351DF /* chooseIce@2x.png in Resources */ = {isa = PBXBuildFile; fileRef = 173E44A7175AAF0F00E351DF /* chooseIce@2x.png */; };
		173E44AA175AAF0F00E351DF /* extra@2x.png in Resources */ = {isa = PBXBuildFile; fileRef = 173E44A8175AAF0F00E351DF /* extra@2x.png */; };
		173E44AD175AB26F00E351DF /* help@2x.png in Resources */ = {isa = PBXBuildFile; fileRef = 173E44AB175AB26F00E351DF /* help@2x.png */; };
		173E44AE175AB26F00E351DF /* newHike@2x.png in Resources */ = {isa = PBXBuildFile; fileRef = 173E44AC175AB26F00E351DF /* newHike@2x.png */; };
		17E97C0C175A833B00AD0582 /* Logo.png in Resources */ = {isa = PBXBuildFile; fileRef = 17E97C0B175A833B00AD0582 /* Logo.png */; };
		17E97C0E175A836100AD0582 /* Logo@2x.png in Resources */ = {isa = PBXBuildFile; fileRef = 17E97C0D175A836100AD0582 /* Logo@2x.png */; };
		17E97C10175A859200AD0582 /* cubano.ttf in Resources */ = {isa = PBXBuildFile; fileRef = 17E97C0F175A859200AD0582 /* cubano.ttf */; };
		17E97C15175A9B7B00AD0582 /* backbtn.png in Resources */ = {isa = PBXBuildFile; fileRef = 17E97C13175A9B7A00AD0582 /* backbtn.png */; };
		17E97C16175A9B7B00AD0582 /* backbtn@2x.png in Resources */ = {isa = PBXBuildFile; fileRef = 17E97C14175A9B7B00AD0582 /* backbtn@2x.png */; };
		E29D2907175A4E8900594292 /* UIKit.framework in Frameworks */ = {isa = PBXBuildFile; fileRef = E29D2906175A4E8900594292 /* UIKit.framework */; };
		E29D2909175A4E8900594292 /* Foundation.framework in Frameworks */ = {isa = PBXBuildFile; fileRef = E29D2908175A4E8900594292 /* Foundation.framework */; };
		E29D290B175A4E8900594292 /* CoreGraphics.framework in Frameworks */ = {isa = PBXBuildFile; fileRef = E29D290A175A4E8900594292 /* CoreGraphics.framework */; };
		E29D2911175A4E8900594292 /* InfoPlist.strings in Resources */ = {isa = PBXBuildFile; fileRef = E29D290F175A4E8900594292 /* InfoPlist.strings */; };
		E29D2913175A4E8900594292 /* main.m in Sources */ = {isa = PBXBuildFile; fileRef = E29D2912175A4E8900594292 /* main.m */; };
		E29D2917175A4E8900594292 /* TSFAppDelegate.m in Sources */ = {isa = PBXBuildFile; fileRef = E29D2916175A4E8900594292 /* TSFAppDelegate.m */; };
		E29D2919175A4E8900594292 /* Default.png in Resources */ = {isa = PBXBuildFile; fileRef = E29D2918175A4E8900594292 /* Default.png */; };
		E29D291B175A4E8900594292 /* Default@2x.png in Resources */ = {isa = PBXBuildFile; fileRef = E29D291A175A4E8900594292 /* Default@2x.png */; };
		E29D291D175A4E8900594292 /* Default-568h@2x.png in Resources */ = {isa = PBXBuildFile; fileRef = E29D291C175A4E8900594292 /* Default-568h@2x.png */; };
		E29D2920175A4E8900594292 /* MainStoryboard.storyboard in Resources */ = {isa = PBXBuildFile; fileRef = E29D291E175A4E8900594292 /* MainStoryboard.storyboard */; };
		E29D292D175A4F7E00594292 /* default.css in Resources */ = {isa = PBXBuildFile; fileRef = E29D292C175A4F7D00594292 /* default.css */; };
		E29D2931175A534F00594292 /* TSFPersonalInfoViewController.m in Sources */ = {isa = PBXBuildFile; fileRef = E29D2930175A534F00594292 /* TSFPersonalInfoViewController.m */; };
		E29D2934175A57AD00594292 /* TSFICEViewController.m in Sources */ = {isa = PBXBuildFile; fileRef = E29D2933175A57AD00594292 /* TSFICEViewController.m */; };
		E29D293B175A5AF100594292 /* TSFSplashViewController.m in Sources */ = {isa = PBXBuildFile; fileRef = E29D293A175A5AF100594292 /* TSFSplashViewController.m */; };
		E29D293E175A5C3C00594292 /* TSFHomeViewController.m in Sources */ = {isa = PBXBuildFile; fileRef = E29D293D175A5C3C00594292 /* TSFHomeViewController.m */; };
		E29D2942175A5EE100594292 /* TSFBackToHomeSegue.m in Sources */ = {isa = PBXBuildFile; fileRef = E29D2941175A5EE100594292 /* TSFBackToHomeSegue.m */; };
		E29D2945175A63B600594292 /* TSFOnHikeViewController.m in Sources */ = {isa = PBXBuildFile; fileRef = E29D2944175A63B600594292 /* TSFOnHikeViewController.m */; };
		E29D2948175A67B900594292 /* TSFNeedHelpViewController.m in Sources */ = {isa = PBXBuildFile; fileRef = E29D2947175A67B900594292 /* TSFNeedHelpViewController.m */; };
		E29D294E175A6BE800594292 /* TSFStartHikeViewController.m in Sources */ = {isa = PBXBuildFile; fileRef = E29D294D175A6BE800594292 /* TSFStartHikeViewController.m */; };
		E29D2951175A718300594292 /* TSFOnHelpViewController.m in Sources */ = {isa = PBXBuildFile; fileRef = E29D2950175A718300594292 /* TSFOnHelpViewController.m */; };
		E29D2953175A786200594292 /* PXEngine.framework in Frameworks */ = {isa = PBXBuildFile; fileRef = E29D2952175A786200594292 /* PXEngine.framework */; };
		E2B8B150175A7E8400F98E09 /* JDDateCountdownFlipView.m in Sources */ = {isa = PBXBuildFile; fileRef = E2B8B148175A7E8400F98E09 /* JDDateCountdownFlipView.m */; };
		E2B8B151175A7E8400F98E09 /* JDFlipNumberDigitView.m in Sources */ = {isa = PBXBuildFile; fileRef = E2B8B14A175A7E8400F98E09 /* JDFlipNumberDigitView.m */; };
		E2B8B153175A7E8400F98E09 /* JDFlipNumberView.m in Sources */ = {isa = PBXBuildFile; fileRef = E2B8B14D175A7E8400F98E09 /* JDFlipNumberView.m */; };
		E2B8B154175A7E8400F98E09 /* JDFlipNumberViewImageFactory.m in Sources */ = {isa = PBXBuildFile; fileRef = E2B8B14F175A7E8400F98E09 /* JDFlipNumberViewImageFactory.m */; };
		E2B8B156175A7F2B00F98E09 /* QuartzCore.framework in Frameworks */ = {isa = PBXBuildFile; fileRef = E2B8B155175A7F2B00F98E09 /* QuartzCore.framework */; };
		E2CCA3E6175ABC63006E599D /* TSFDevice.m in Sources */ = {isa = PBXBuildFile; fileRef = E2CCA3E5175ABC63006E599D /* TSFDevice.m */; };
		E2CCA3E9175ABEB0006E599D /* TSFUser.m in Sources */ = {isa = PBXBuildFile; fileRef = E2CCA3E8175ABEB0006E599D /* TSFUser.m */; };
		E2CCA3EC175AC4B3006E599D /* TSFContact.m in Sources */ = {isa = PBXBuildFile; fileRef = E2CCA3EB175AC4B3006E599D /* TSFContact.m */; };
		E2CCA408175AD263006E599D /* JXHTTPDataBody.m in Sources */ = {isa = PBXBuildFile; fileRef = E2CCA3F0175AD263006E599D /* JXHTTPDataBody.m */; };
		E2CCA409175AD263006E599D /* JXHTTPFileBody.m in Sources */ = {isa = PBXBuildFile; fileRef = E2CCA3F2175AD263006E599D /* JXHTTPFileBody.m */; };
		E2CCA40A175AD263006E599D /* JXHTTPFormEncodedBody.m in Sources */ = {isa = PBXBuildFile; fileRef = E2CCA3F4175AD263006E599D /* JXHTTPFormEncodedBody.m */; };
		E2CCA40B175AD263006E599D /* JXHTTPJSONBody.m in Sources */ = {isa = PBXBuildFile; fileRef = E2CCA3F6175AD263006E599D /* JXHTTPJSONBody.m */; };
		E2CCA40C175AD263006E599D /* JXHTTPMultipartBody.m in Sources */ = {isa = PBXBuildFile; fileRef = E2CCA3F8175AD263006E599D /* JXHTTPMultipartBody.m */; };
		E2CCA40D175AD263006E599D /* JXHTTPOperation+Convenience.m in Sources */ = {isa = PBXBuildFile; fileRef = E2CCA3FA175AD263006E599D /* JXHTTPOperation+Convenience.m */; };
		E2CCA40E175AD263006E599D /* JXHTTPOperation.m in Sources */ = {isa = PBXBuildFile; fileRef = E2CCA3FC175AD263006E599D /* JXHTTPOperation.m */; };
		E2CCA40F175AD263006E599D /* JXHTTPOperationQueue.m in Sources */ = {isa = PBXBuildFile; fileRef = E2CCA3FF175AD263006E599D /* JXHTTPOperationQueue.m */; };
		E2CCA410175AD263006E599D /* JXOperation.m in Sources */ = {isa = PBXBuildFile; fileRef = E2CCA403175AD263006E599D /* JXOperation.m */; };
		E2CCA411175AD263006E599D /* JXURLConnectionOperation.m in Sources */ = {isa = PBXBuildFile; fileRef = E2CCA405175AD263006E599D /* JXURLConnectionOperation.m */; };
		E2CCA412175AD263006E599D /* JXURLEncoding.m in Sources */ = {isa = PBXBuildFile; fileRef = E2CCA407175AD263006E599D /* JXURLEncoding.m */; };
		E2CCA416175AD2CC006E599D /* TSFServiceProvider.m in Sources */ = {isa = PBXBuildFile; fileRef = E2CCA415175AD2CC006E599D /* TSFServiceProvider.m */; };
		E2CCA419175AE350006E599D /* TSFActivity.m in Sources */ = {isa = PBXBuildFile; fileRef = E2CCA418175AE350006E599D /* TSFActivity.m */; };
/* End PBXBuildFile section */

/* Begin PBXFileReference section */
		173E449D175AAA1600E351DF /* JDFlipNumberView.bundle */ = {isa = PBXFileReference; lastKnownFileType = "wrapper.plug-in"; name = JDFlipNumberView.bundle; path = vendor/JDFlipNumberView/JDFlipNumberView.bundle; sourceTree = SOURCE_ROOT; };
		173E449F175AACC600E351DF /* name@2x.png */ = {isa = PBXFileReference; lastKnownFileType = image.png; name = "name@2x.png"; path = "resources/name@2x.png"; sourceTree = "<group>"; };
		173E44A0175AACC600E351DF /* next@2x.png */ = {isa = PBXFileReference; lastKnownFileType = image.png; name = "next@2x.png"; path = "resources/next@2x.png"; sourceTree = "<group>"; };
		173E44A1175AACC600E351DF /* phonenumber@2x.png */ = {isa = PBXFileReference; lastKnownFileType = image.png; name = "phonenumber@2x.png"; path = "resources/phonenumber@2x.png"; sourceTree = "<group>"; };
		173E44A2175AACC600E351DF /* welcome@2x.png */ = {isa = PBXFileReference; lastKnownFileType = image.png; name = "welcome@2x.png"; path = "resources/welcome@2x.png"; sourceTree = "<group>"; };
		173E44A7175AAF0F00E351DF /* chooseIce@2x.png */ = {isa = PBXFileReference; lastKnownFileType = image.png; name = "chooseIce@2x.png"; path = "resources/chooseIce@2x.png"; sourceTree = "<group>"; };
		173E44A8175AAF0F00E351DF /* extra@2x.png */ = {isa = PBXFileReference; lastKnownFileType = image.png; name = "extra@2x.png"; path = "resources/extra@2x.png"; sourceTree = "<group>"; };
		173E44AB175AB26F00E351DF /* help@2x.png */ = {isa = PBXFileReference; lastKnownFileType = image.png; name = "help@2x.png"; path = "resources/help@2x.png"; sourceTree = "<group>"; };
		173E44AC175AB26F00E351DF /* newHike@2x.png */ = {isa = PBXFileReference; lastKnownFileType = image.png; name = "newHike@2x.png"; path = "resources/newHike@2x.png"; sourceTree = "<group>"; };
		17E97C0B175A833B00AD0582 /* Logo.png */ = {isa = PBXFileReference; lastKnownFileType = image.png; name = Logo.png; path = resources/Logo.png; sourceTree = "<group>"; };
		17E97C0D175A836100AD0582 /* Logo@2x.png */ = {isa = PBXFileReference; lastKnownFileType = image.png; name = "Logo@2x.png"; path = "resources/Logo@2x.png"; sourceTree = "<group>"; };
		17E97C0F175A859200AD0582 /* cubano.ttf */ = {isa = PBXFileReference; lastKnownFileType = file; name = cubano.ttf; path = resources/cubano.ttf; sourceTree = "<group>"; };
		17E97C13175A9B7A00AD0582 /* backbtn.png */ = {isa = PBXFileReference; lastKnownFileType = image.png; name = backbtn.png; path = resources/backbtn.png; sourceTree = "<group>"; };
		17E97C14175A9B7B00AD0582 /* backbtn@2x.png */ = {isa = PBXFileReference; lastKnownFileType = image.png; name = "backbtn@2x.png"; path = "resources/backbtn@2x.png"; sourceTree = "<group>"; };
		E29D2903175A4E8900594292 /* Trail Safe.app */ = {isa = PBXFileReference; explicitFileType = wrapper.application; includeInIndex = 0; path = "Trail Safe.app"; sourceTree = BUILT_PRODUCTS_DIR; };
		E29D2906175A4E8900594292 /* UIKit.framework */ = {isa = PBXFileReference; lastKnownFileType = wrapper.framework; name = UIKit.framework; path = System/Library/Frameworks/UIKit.framework; sourceTree = SDKROOT; };
		E29D2908175A4E8900594292 /* Foundation.framework */ = {isa = PBXFileReference; lastKnownFileType = wrapper.framework; name = Foundation.framework; path = System/Library/Frameworks/Foundation.framework; sourceTree = SDKROOT; };
		E29D290A175A4E8900594292 /* CoreGraphics.framework */ = {isa = PBXFileReference; lastKnownFileType = wrapper.framework; name = CoreGraphics.framework; path = System/Library/Frameworks/CoreGraphics.framework; sourceTree = SDKROOT; };
		E29D290E175A4E8900594292 /* Trail Safe-Info.plist */ = {isa = PBXFileReference; lastKnownFileType = text.plist.xml; path = "Trail Safe-Info.plist"; sourceTree = "<group>"; };
		E29D2910175A4E8900594292 /* en */ = {isa = PBXFileReference; lastKnownFileType = text.plist.strings; name = en; path = en.lproj/InfoPlist.strings; sourceTree = "<group>"; };
		E29D2912175A4E8900594292 /* main.m */ = {isa = PBXFileReference; lastKnownFileType = sourcecode.c.objc; path = main.m; sourceTree = "<group>"; };
		E29D2914175A4E8900594292 /* Trail Safe-Prefix.pch */ = {isa = PBXFileReference; lastKnownFileType = sourcecode.c.h; path = "Trail Safe-Prefix.pch"; sourceTree = "<group>"; };
		E29D2915175A4E8900594292 /* TSFAppDelegate.h */ = {isa = PBXFileReference; lastKnownFileType = sourcecode.c.h; path = TSFAppDelegate.h; sourceTree = "<group>"; };
		E29D2916175A4E8900594292 /* TSFAppDelegate.m */ = {isa = PBXFileReference; lastKnownFileType = sourcecode.c.objc; path = TSFAppDelegate.m; sourceTree = "<group>"; };
		E29D2918175A4E8900594292 /* Default.png */ = {isa = PBXFileReference; lastKnownFileType = image.png; path = Default.png; sourceTree = "<group>"; };
		E29D291A175A4E8900594292 /* Default@2x.png */ = {isa = PBXFileReference; lastKnownFileType = image.png; path = "Default@2x.png"; sourceTree = "<group>"; };
		E29D291C175A4E8900594292 /* Default-568h@2x.png */ = {isa = PBXFileReference; lastKnownFileType = image.png; path = "Default-568h@2x.png"; sourceTree = "<group>"; };
		E29D291F175A4E8900594292 /* en */ = {isa = PBXFileReference; lastKnownFileType = file.storyboard; name = en; path = en.lproj/MainStoryboard.storyboard; sourceTree = "<group>"; };
		E29D292C175A4F7D00594292 /* default.css */ = {isa = PBXFileReference; fileEncoding = 4; lastKnownFileType = text.css; name = default.css; path = resources/default.css; sourceTree = "<group>"; };
		E29D292F175A534F00594292 /* TSFPersonalInfoViewController.h */ = {isa = PBXFileReference; fileEncoding = 4; lastKnownFileType = sourcecode.c.h; name = TSFPersonalInfoViewController.h; path = controllers/TSFPersonalInfoViewController.h; sourceTree = "<group>"; };
		E29D2930175A534F00594292 /* TSFPersonalInfoViewController.m */ = {isa = PBXFileReference; fileEncoding = 4; lastKnownFileType = sourcecode.c.objc; name = TSFPersonalInfoViewController.m; path = controllers/TSFPersonalInfoViewController.m; sourceTree = "<group>"; };
		E29D2932175A57AD00594292 /* TSFICEViewController.h */ = {isa = PBXFileReference; fileEncoding = 4; lastKnownFileType = sourcecode.c.h; name = TSFICEViewController.h; path = controllers/TSFICEViewController.h; sourceTree = "<group>"; };
		E29D2933175A57AD00594292 /* TSFICEViewController.m */ = {isa = PBXFileReference; fileEncoding = 4; lastKnownFileType = sourcecode.c.objc; name = TSFICEViewController.m; path = controllers/TSFICEViewController.m; sourceTree = "<group>"; };
		E29D2939175A5AF100594292 /* TSFSplashViewController.h */ = {isa = PBXFileReference; fileEncoding = 4; lastKnownFileType = sourcecode.c.h; name = TSFSplashViewController.h; path = controllers/TSFSplashViewController.h; sourceTree = "<group>"; };
		E29D293A175A5AF100594292 /* TSFSplashViewController.m */ = {isa = PBXFileReference; fileEncoding = 4; lastKnownFileType = sourcecode.c.objc; name = TSFSplashViewController.m; path = controllers/TSFSplashViewController.m; sourceTree = "<group>"; };
		E29D293C175A5C3C00594292 /* TSFHomeViewController.h */ = {isa = PBXFileReference; fileEncoding = 4; lastKnownFileType = sourcecode.c.h; name = TSFHomeViewController.h; path = controllers/TSFHomeViewController.h; sourceTree = "<group>"; };
		E29D293D175A5C3C00594292 /* TSFHomeViewController.m */ = {isa = PBXFileReference; fileEncoding = 4; lastKnownFileType = sourcecode.c.objc; name = TSFHomeViewController.m; path = controllers/TSFHomeViewController.m; sourceTree = "<group>"; };
		E29D2940175A5EE100594292 /* TSFBackToHomeSegue.h */ = {isa = PBXFileReference; fileEncoding = 4; lastKnownFileType = sourcecode.c.h; name = TSFBackToHomeSegue.h; path = models/TSFBackToHomeSegue.h; sourceTree = "<group>"; };
		E29D2941175A5EE100594292 /* TSFBackToHomeSegue.m */ = {isa = PBXFileReference; fileEncoding = 4; lastKnownFileType = sourcecode.c.objc; name = TSFBackToHomeSegue.m; path = models/TSFBackToHomeSegue.m; sourceTree = "<group>"; };
		E29D2943175A63B600594292 /* TSFOnHikeViewController.h */ = {isa = PBXFileReference; fileEncoding = 4; lastKnownFileType = sourcecode.c.h; name = TSFOnHikeViewController.h; path = controllers/TSFOnHikeViewController.h; sourceTree = "<group>"; };
		E29D2944175A63B600594292 /* TSFOnHikeViewController.m */ = {isa = PBXFileReference; fileEncoding = 4; lastKnownFileType = sourcecode.c.objc; name = TSFOnHikeViewController.m; path = controllers/TSFOnHikeViewController.m; sourceTree = "<group>"; };
		E29D2946175A67B900594292 /* TSFNeedHelpViewController.h */ = {isa = PBXFileReference; fileEncoding = 4; lastKnownFileType = sourcecode.c.h; name = TSFNeedHelpViewController.h; path = controllers/TSFNeedHelpViewController.h; sourceTree = "<group>"; };
		E29D2947175A67B900594292 /* TSFNeedHelpViewController.m */ = {isa = PBXFileReference; fileEncoding = 4; lastKnownFileType = sourcecode.c.objc; name = TSFNeedHelpViewController.m; path = controllers/TSFNeedHelpViewController.m; sourceTree = "<group>"; };
		E29D294C175A6BE800594292 /* TSFStartHikeViewController.h */ = {isa = PBXFileReference; fileEncoding = 4; lastKnownFileType = sourcecode.c.h; name = TSFStartHikeViewController.h; path = controllers/TSFStartHikeViewController.h; sourceTree = "<group>"; };
		E29D294D175A6BE800594292 /* TSFStartHikeViewController.m */ = {isa = PBXFileReference; fileEncoding = 4; lastKnownFileType = sourcecode.c.objc; name = TSFStartHikeViewController.m; path = controllers/TSFStartHikeViewController.m; sourceTree = "<group>"; };
		E29D294F175A718300594292 /* TSFOnHelpViewController.h */ = {isa = PBXFileReference; fileEncoding = 4; lastKnownFileType = sourcecode.c.h; name = TSFOnHelpViewController.h; path = controllers/TSFOnHelpViewController.h; sourceTree = "<group>"; };
		E29D2950175A718300594292 /* TSFOnHelpViewController.m */ = {isa = PBXFileReference; fileEncoding = 4; lastKnownFileType = sourcecode.c.objc; name = TSFOnHelpViewController.m; path = controllers/TSFOnHelpViewController.m; sourceTree = "<group>"; };
		E29D2952175A786200594292 /* PXEngine.framework */ = {isa = PBXFileReference; lastKnownFileType = wrapper.framework; name = PXEngine.framework; path = vendor/PXEngine.framework; sourceTree = "<group>"; };
		E2B8B147175A7E8400F98E09 /* JDDateCountdownFlipView.h */ = {isa = PBXFileReference; fileEncoding = 4; lastKnownFileType = sourcecode.c.h; path = JDDateCountdownFlipView.h; sourceTree = "<group>"; };
		E2B8B148175A7E8400F98E09 /* JDDateCountdownFlipView.m */ = {isa = PBXFileReference; fileEncoding = 4; lastKnownFileType = sourcecode.c.objc; path = JDDateCountdownFlipView.m; sourceTree = "<group>"; };
		E2B8B149175A7E8400F98E09 /* JDFlipNumberDigitView.h */ = {isa = PBXFileReference; fileEncoding = 4; lastKnownFileType = sourcecode.c.h; path = JDFlipNumberDigitView.h; sourceTree = "<group>"; };
		E2B8B14A175A7E8400F98E09 /* JDFlipNumberDigitView.m */ = {isa = PBXFileReference; fileEncoding = 4; lastKnownFileType = sourcecode.c.objc; path = JDFlipNumberDigitView.m; sourceTree = "<group>"; };
		E2B8B14C175A7E8400F98E09 /* JDFlipNumberView.h */ = {isa = PBXFileReference; fileEncoding = 4; lastKnownFileType = sourcecode.c.h; path = JDFlipNumberView.h; sourceTree = "<group>"; };
		E2B8B14D175A7E8400F98E09 /* JDFlipNumberView.m */ = {isa = PBXFileReference; fileEncoding = 4; lastKnownFileType = sourcecode.c.objc; path = JDFlipNumberView.m; sourceTree = "<group>"; };
		E2B8B14E175A7E8400F98E09 /* JDFlipNumberViewImageFactory.h */ = {isa = PBXFileReference; fileEncoding = 4; lastKnownFileType = sourcecode.c.h; path = JDFlipNumberViewImageFactory.h; sourceTree = "<group>"; };
		E2B8B14F175A7E8400F98E09 /* JDFlipNumberViewImageFactory.m */ = {isa = PBXFileReference; fileEncoding = 4; lastKnownFileType = sourcecode.c.objc; path = JDFlipNumberViewImageFactory.m; sourceTree = "<group>"; };
		E2B8B155175A7F2B00F98E09 /* QuartzCore.framework */ = {isa = PBXFileReference; lastKnownFileType = wrapper.framework; name = QuartzCore.framework; path = System/Library/Frameworks/QuartzCore.framework; sourceTree = SDKROOT; };
		E2CCA3E4175ABC63006E599D /* TSFDevice.h */ = {isa = PBXFileReference; fileEncoding = 4; lastKnownFileType = sourcecode.c.h; name = TSFDevice.h; path = models/TSFDevice.h; sourceTree = "<group>"; };
		E2CCA3E5175ABC63006E599D /* TSFDevice.m */ = {isa = PBXFileReference; fileEncoding = 4; lastKnownFileType = sourcecode.c.objc; name = TSFDevice.m; path = models/TSFDevice.m; sourceTree = "<group>"; };
		E2CCA3E7175ABEB0006E599D /* TSFUser.h */ = {isa = PBXFileReference; fileEncoding = 4; lastKnownFileType = sourcecode.c.h; name = TSFUser.h; path = models/TSFUser.h; sourceTree = "<group>"; };
		E2CCA3E8175ABEB0006E599D /* TSFUser.m */ = {isa = PBXFileReference; fileEncoding = 4; lastKnownFileType = sourcecode.c.objc; name = TSFUser.m; path = models/TSFUser.m; sourceTree = "<group>"; };
		E2CCA3EA175AC4B3006E599D /* TSFContact.h */ = {isa = PBXFileReference; fileEncoding = 4; lastKnownFileType = sourcecode.c.h; name = TSFContact.h; path = models/TSFContact.h; sourceTree = "<group>"; };
		E2CCA3EB175AC4B3006E599D /* TSFContact.m */ = {isa = PBXFileReference; fileEncoding = 4; lastKnownFileType = sourcecode.c.objc; name = TSFContact.m; path = models/TSFContact.m; sourceTree = "<group>"; };
		E2CCA3EE175AD263006E599D /* JXHTTP.h */ = {isa = PBXFileReference; fileEncoding = 4; lastKnownFileType = sourcecode.c.h; path = JXHTTP.h; sourceTree = "<group>"; };
		E2CCA3EF175AD263006E599D /* JXHTTPDataBody.h */ = {isa = PBXFileReference; fileEncoding = 4; lastKnownFileType = sourcecode.c.h; path = JXHTTPDataBody.h; sourceTree = "<group>"; };
		E2CCA3F0175AD263006E599D /* JXHTTPDataBody.m */ = {isa = PBXFileReference; fileEncoding = 4; lastKnownFileType = sourcecode.c.objc; path = JXHTTPDataBody.m; sourceTree = "<group>"; };
		E2CCA3F1175AD263006E599D /* JXHTTPFileBody.h */ = {isa = PBXFileReference; fileEncoding = 4; lastKnownFileType = sourcecode.c.h; path = JXHTTPFileBody.h; sourceTree = "<group>"; };
		E2CCA3F2175AD263006E599D /* JXHTTPFileBody.m */ = {isa = PBXFileReference; fileEncoding = 4; lastKnownFileType = sourcecode.c.objc; path = JXHTTPFileBody.m; sourceTree = "<group>"; };
		E2CCA3F3175AD263006E599D /* JXHTTPFormEncodedBody.h */ = {isa = PBXFileReference; fileEncoding = 4; lastKnownFileType = sourcecode.c.h; path = JXHTTPFormEncodedBody.h; sourceTree = "<group>"; };
		E2CCA3F4175AD263006E599D /* JXHTTPFormEncodedBody.m */ = {isa = PBXFileReference; fileEncoding = 4; lastKnownFileType = sourcecode.c.objc; path = JXHTTPFormEncodedBody.m; sourceTree = "<group>"; };
		E2CCA3F5175AD263006E599D /* JXHTTPJSONBody.h */ = {isa = PBXFileReference; fileEncoding = 4; lastKnownFileType = sourcecode.c.h; path = JXHTTPJSONBody.h; sourceTree = "<group>"; };
		E2CCA3F6175AD263006E599D /* JXHTTPJSONBody.m */ = {isa = PBXFileReference; fileEncoding = 4; lastKnownFileType = sourcecode.c.objc; path = JXHTTPJSONBody.m; sourceTree = "<group>"; };
		E2CCA3F7175AD263006E599D /* JXHTTPMultipartBody.h */ = {isa = PBXFileReference; fileEncoding = 4; lastKnownFileType = sourcecode.c.h; path = JXHTTPMultipartBody.h; sourceTree = "<group>"; };
		E2CCA3F8175AD263006E599D /* JXHTTPMultipartBody.m */ = {isa = PBXFileReference; fileEncoding = 4; lastKnownFileType = sourcecode.c.objc; path = JXHTTPMultipartBody.m; sourceTree = "<group>"; };
		E2CCA3F9175AD263006E599D /* JXHTTPOperation+Convenience.h */ = {isa = PBXFileReference; fileEncoding = 4; lastKnownFileType = sourcecode.c.h; path = "JXHTTPOperation+Convenience.h"; sourceTree = "<group>"; };
		E2CCA3FA175AD263006E599D /* JXHTTPOperation+Convenience.m */ = {isa = PBXFileReference; fileEncoding = 4; lastKnownFileType = sourcecode.c.objc; path = "JXHTTPOperation+Convenience.m"; sourceTree = "<group>"; };
		E2CCA3FB175AD263006E599D /* JXHTTPOperation.h */ = {isa = PBXFileReference; fileEncoding = 4; lastKnownFileType = sourcecode.c.h; path = JXHTTPOperation.h; sourceTree = "<group>"; };
		E2CCA3FC175AD263006E599D /* JXHTTPOperation.m */ = {isa = PBXFileReference; fileEncoding = 4; lastKnownFileType = sourcecode.c.objc; path = JXHTTPOperation.m; sourceTree = "<group>"; };
		E2CCA3FD175AD263006E599D /* JXHTTPOperationDelegate.h */ = {isa = PBXFileReference; fileEncoding = 4; lastKnownFileType = sourcecode.c.h; path = JXHTTPOperationDelegate.h; sourceTree = "<group>"; };
		E2CCA3FE175AD263006E599D /* JXHTTPOperationQueue.h */ = {isa = PBXFileReference; fileEncoding = 4; lastKnownFileType = sourcecode.c.h; path = JXHTTPOperationQueue.h; sourceTree = "<group>"; };
		E2CCA3FF175AD263006E599D /* JXHTTPOperationQueue.m */ = {isa = PBXFileReference; fileEncoding = 4; lastKnownFileType = sourcecode.c.objc; path = JXHTTPOperationQueue.m; sourceTree = "<group>"; };
		E2CCA400175AD263006E599D /* JXHTTPOperationQueueDelegate.h */ = {isa = PBXFileReference; fileEncoding = 4; lastKnownFileType = sourcecode.c.h; path = JXHTTPOperationQueueDelegate.h; sourceTree = "<group>"; };
		E2CCA401175AD263006E599D /* JXHTTPRequestBody.h */ = {isa = PBXFileReference; fileEncoding = 4; lastKnownFileType = sourcecode.c.h; path = JXHTTPRequestBody.h; sourceTree = "<group>"; };
		E2CCA402175AD263006E599D /* JXOperation.h */ = {isa = PBXFileReference; fileEncoding = 4; lastKnownFileType = sourcecode.c.h; path = JXOperation.h; sourceTree = "<group>"; };
		E2CCA403175AD263006E599D /* JXOperation.m */ = {isa = PBXFileReference; fileEncoding = 4; lastKnownFileType = sourcecode.c.objc; path = JXOperation.m; sourceTree = "<group>"; };
		E2CCA404175AD263006E599D /* JXURLConnectionOperation.h */ = {isa = PBXFileReference; fileEncoding = 4; lastKnownFileType = sourcecode.c.h; path = JXURLConnectionOperation.h; sourceTree = "<group>"; };
		E2CCA405175AD263006E599D /* JXURLConnectionOperation.m */ = {isa = PBXFileReference; fileEncoding = 4; lastKnownFileType = sourcecode.c.objc; path = JXURLConnectionOperation.m; sourceTree = "<group>"; };
		E2CCA406175AD263006E599D /* JXURLEncoding.h */ = {isa = PBXFileReference; fileEncoding = 4; lastKnownFileType = sourcecode.c.h; path = JXURLEncoding.h; sourceTree = "<group>"; };
		E2CCA407175AD263006E599D /* JXURLEncoding.m */ = {isa = PBXFileReference; fileEncoding = 4; lastKnownFileType = sourcecode.c.objc; path = JXURLEncoding.m; sourceTree = "<group>"; };
		E2CCA414175AD2CC006E599D /* TSFServiceProvider.h */ = {isa = PBXFileReference; fileEncoding = 4; lastKnownFileType = sourcecode.c.h; name = TSFServiceProvider.h; path = services/TSFServiceProvider.h; sourceTree = "<group>"; };
		E2CCA415175AD2CC006E599D /* TSFServiceProvider.m */ = {isa = PBXFileReference; fileEncoding = 4; lastKnownFileType = sourcecode.c.objc; name = TSFServiceProvider.m; path = services/TSFServiceProvider.m; sourceTree = "<group>"; };
		E2CCA417175AE350006E599D /* TSFActivity.h */ = {isa = PBXFileReference; fileEncoding = 4; lastKnownFileType = sourcecode.c.h; name = TSFActivity.h; path = models/TSFActivity.h; sourceTree = "<group>"; };
		E2CCA418175AE350006E599D /* TSFActivity.m */ = {isa = PBXFileReference; fileEncoding = 4; lastKnownFileType = sourcecode.c.objc; name = TSFActivity.m; path = models/TSFActivity.m; sourceTree = "<group>"; };
/* End PBXFileReference section */

/* Begin PBXFrameworksBuildPhase section */
		E29D2900175A4E8900594292 /* Frameworks */ = {
			isa = PBXFrameworksBuildPhase;
			buildActionMask = 2147483647;
			files = (
				E2B8B156175A7F2B00F98E09 /* QuartzCore.framework in Frameworks */,
				E29D2907175A4E8900594292 /* UIKit.framework in Frameworks */,
				E29D2909175A4E8900594292 /* Foundation.framework in Frameworks */,
				E29D290B175A4E8900594292 /* CoreGraphics.framework in Frameworks */,
				E29D2953175A786200594292 /* PXEngine.framework in Frameworks */,
			);
			runOnlyForDeploymentPostprocessing = 0;
		};
/* End PBXFrameworksBuildPhase section */

/* Begin PBXGroup section */
		E29D28FA175A4E8900594292 = {
			isa = PBXGroup;
			children = (
				E29D290C175A4E8900594292 /* Trail Safe */,
				E2B8B145175A7E7300F98E09 /* Vendor */,
				E29D2905175A4E8900594292 /* Frameworks */,
				E29D2904175A4E8900594292 /* Products */,
			);
			sourceTree = "<group>";
		};
		E29D2904175A4E8900594292 /* Products */ = {
			isa = PBXGroup;
			children = (
				E29D2903175A4E8900594292 /* Trail Safe.app */,
			);
			name = Products;
			sourceTree = "<group>";
		};
		E29D2905175A4E8900594292 /* Frameworks */ = {
			isa = PBXGroup;
			children = (
				E2B8B155175A7F2B00F98E09 /* QuartzCore.framework */,
				E29D2952175A786200594292 /* PXEngine.framework */,
				E29D2906175A4E8900594292 /* UIKit.framework */,
				E29D2908175A4E8900594292 /* Foundation.framework */,
				E29D290A175A4E8900594292 /* CoreGraphics.framework */,
			);
			name = Frameworks;
			sourceTree = "<group>";
		};
		E29D290C175A4E8900594292 /* Trail Safe */ = {
			isa = PBXGroup;
			children = (
				E2CCA413175AD2B7006E599D /* services */,
				E29D293F175A5EB300594292 /* models */,
				E29D292E175A531800594292 /* controllers */,
				E29D292B175A4F6400594292 /* resources */,
				E29D2915175A4E8900594292 /* TSFAppDelegate.h */,
				E29D2916175A4E8900594292 /* TSFAppDelegate.m */,
				E29D291E175A4E8900594292 /* MainStoryboard.storyboard */,
				E29D290D175A4E8900594292 /* Supporting Files */,
			);
			path = "Trail Safe";
			sourceTree = "<group>";
		};
		E29D290D175A4E8900594292 /* Supporting Files */ = {
			isa = PBXGroup;
			children = (
				E29D290E175A4E8900594292 /* Trail Safe-Info.plist */,
				E29D290F175A4E8900594292 /* InfoPlist.strings */,
				E29D2912175A4E8900594292 /* main.m */,
				E29D2914175A4E8900594292 /* Trail Safe-Prefix.pch */,
				E29D2918175A4E8900594292 /* Default.png */,
				E29D291A175A4E8900594292 /* Default@2x.png */,
				E29D291C175A4E8900594292 /* Default-568h@2x.png */,
			);
			name = "Supporting Files";
			sourceTree = "<group>";
		};
		E29D292B175A4F6400594292 /* resources */ = {
			isa = PBXGroup;
			children = (
				173E44AB175AB26F00E351DF /* help@2x.png */,
				173E44AC175AB26F00E351DF /* newHike@2x.png */,
				173E44A7175AAF0F00E351DF /* chooseIce@2x.png */,
				173E44A8175AAF0F00E351DF /* extra@2x.png */,
				173E449F175AACC600E351DF /* name@2x.png */,
				173E44A0175AACC600E351DF /* next@2x.png */,
				173E44A1175AACC600E351DF /* phonenumber@2x.png */,
				173E44A2175AACC600E351DF /* welcome@2x.png */,
				17E97C13175A9B7A00AD0582 /* backbtn.png */,
				17E97C14175A9B7B00AD0582 /* backbtn@2x.png */,
				17E97C0F175A859200AD0582 /* cubano.ttf */,
				17E97C0D175A836100AD0582 /* Logo@2x.png */,
				17E97C0B175A833B00AD0582 /* Logo.png */,
				E29D292C175A4F7D00594292 /* default.css */,
			);
			name = resources;
			sourceTree = "<group>";
		};
		E29D292E175A531800594292 /* controllers */ = {
			isa = PBXGroup;
			children = (
				E29D292F175A534F00594292 /* TSFPersonalInfoViewController.h */,
				E29D2930175A534F00594292 /* TSFPersonalInfoViewController.m */,
				E29D2932175A57AD00594292 /* TSFICEViewController.h */,
				E29D2933175A57AD00594292 /* TSFICEViewController.m */,
				E29D2939175A5AF100594292 /* TSFSplashViewController.h */,
				E29D293A175A5AF100594292 /* TSFSplashViewController.m */,
				E29D293C175A5C3C00594292 /* TSFHomeViewController.h */,
				E29D293D175A5C3C00594292 /* TSFHomeViewController.m */,
				E29D2943175A63B600594292 /* TSFOnHikeViewController.h */,
				E29D2944175A63B600594292 /* TSFOnHikeViewController.m */,
				E29D2946175A67B900594292 /* TSFNeedHelpViewController.h */,
				E29D2947175A67B900594292 /* TSFNeedHelpViewController.m */,
				E29D294C175A6BE800594292 /* TSFStartHikeViewController.h */,
				E29D294D175A6BE800594292 /* TSFStartHikeViewController.m */,
				E29D294F175A718300594292 /* TSFOnHelpViewController.h */,
				E29D2950175A718300594292 /* TSFOnHelpViewController.m */,
			);
			name = controllers;
			sourceTree = "<group>";
		};
		E29D293F175A5EB300594292 /* models */ = {
			isa = PBXGroup;
			children = (
				E29D2940175A5EE100594292 /* TSFBackToHomeSegue.h */,
				E29D2941175A5EE100594292 /* TSFBackToHomeSegue.m */,
				E2CCA3E4175ABC63006E599D /* TSFDevice.h */,
				E2CCA3E5175ABC63006E599D /* TSFDevice.m */,
				E2CCA3E7175ABEB0006E599D /* TSFUser.h */,
				E2CCA3E8175ABEB0006E599D /* TSFUser.m */,
				E2CCA3EA175AC4B3006E599D /* TSFContact.h */,
				E2CCA3EB175AC4B3006E599D /* TSFContact.m */,
				E2CCA417175AE350006E599D /* TSFActivity.h */,
				E2CCA418175AE350006E599D /* TSFActivity.m */,
			);
			name = models;
			sourceTree = "<group>";
		};
		E2B8B145175A7E7300F98E09 /* Vendor */ = {
			isa = PBXGroup;
			children = (
				E2CCA3ED175AD263006E599D /* JXHTTP */,
				E2B8B146175A7E8400F98E09 /* JDFlipNumberView */,
			);
			name = Vendor;
			path = "Trail Safe";
			sourceTree = "<group>";
		};
		E2B8B146175A7E8400F98E09 /* JDFlipNumberView */ = {
			isa = PBXGroup;
			children = (
				E2B8B147175A7E8400F98E09 /* JDDateCountdownFlipView.h */,
				E2B8B148175A7E8400F98E09 /* JDDateCountdownFlipView.m */,
				E2B8B149175A7E8400F98E09 /* JDFlipNumberDigitView.h */,
				E2B8B14A175A7E8400F98E09 /* JDFlipNumberDigitView.m */,
				E2B8B14C175A7E8400F98E09 /* JDFlipNumberView.h */,
				173E449D175AAA1600E351DF /* JDFlipNumberView.bundle */,
				E2B8B14D175A7E8400F98E09 /* JDFlipNumberView.m */,
				E2B8B14E175A7E8400F98E09 /* JDFlipNumberViewImageFactory.h */,
				E2B8B14F175A7E8400F98E09 /* JDFlipNumberViewImageFactory.m */,
			);
			path = JDFlipNumberView;
			sourceTree = "<group>";
		};
		E2CCA3ED175AD263006E599D /* JXHTTP */ = {
			isa = PBXGroup;
			children = (
				E2CCA3EE175AD263006E599D /* JXHTTP.h */,
				E2CCA3EF175AD263006E599D /* JXHTTPDataBody.h */,
				E2CCA3F0175AD263006E599D /* JXHTTPDataBody.m */,
				E2CCA3F1175AD263006E599D /* JXHTTPFileBody.h */,
				E2CCA3F2175AD263006E599D /* JXHTTPFileBody.m */,
				E2CCA3F3175AD263006E599D /* JXHTTPFormEncodedBody.h */,
				E2CCA3F4175AD263006E599D /* JXHTTPFormEncodedBody.m */,
				E2CCA3F5175AD263006E599D /* JXHTTPJSONBody.h */,
				E2CCA3F6175AD263006E599D /* JXHTTPJSONBody.m */,
				E2CCA3F7175AD263006E599D /* JXHTTPMultipartBody.h */,
				E2CCA3F8175AD263006E599D /* JXHTTPMultipartBody.m */,
				E2CCA3F9175AD263006E599D /* JXHTTPOperation+Convenience.h */,
				E2CCA3FA175AD263006E599D /* JXHTTPOperation+Convenience.m */,
				E2CCA3FB175AD263006E599D /* JXHTTPOperation.h */,
				E2CCA3FC175AD263006E599D /* JXHTTPOperation.m */,
				E2CCA3FD175AD263006E599D /* JXHTTPOperationDelegate.h */,
				E2CCA3FE175AD263006E599D /* JXHTTPOperationQueue.h */,
				E2CCA3FF175AD263006E599D /* JXHTTPOperationQueue.m */,
				E2CCA400175AD263006E599D /* JXHTTPOperationQueueDelegate.h */,
				E2CCA401175AD263006E599D /* JXHTTPRequestBody.h */,
				E2CCA402175AD263006E599D /* JXOperation.h */,
				E2CCA403175AD263006E599D /* JXOperation.m */,
				E2CCA404175AD263006E599D /* JXURLConnectionOperation.h */,
				E2CCA405175AD263006E599D /* JXURLConnectionOperation.m */,
				E2CCA406175AD263006E599D /* JXURLEncoding.h */,
				E2CCA407175AD263006E599D /* JXURLEncoding.m */,
			);
			path = JXHTTP;
			sourceTree = "<group>";
		};
		E2CCA413175AD2B7006E599D /* services */ = {
			isa = PBXGroup;
			children = (
				E2CCA414175AD2CC006E599D /* TSFServiceProvider.h */,
				E2CCA415175AD2CC006E599D /* TSFServiceProvider.m */,
			);
			name = services;
			sourceTree = "<group>";
		};
/* End PBXGroup section */

/* Begin PBXNativeTarget section */
		E29D2902175A4E8900594292 /* Trail Safe */ = {
			isa = PBXNativeTarget;
			buildConfigurationList = E29D2926175A4E8900594292 /* Build configuration list for PBXNativeTarget "Trail Safe" */;
			buildPhases = (
				E29D28FF175A4E8900594292 /* Sources */,
				E29D2900175A4E8900594292 /* Frameworks */,
				E29D2901175A4E8900594292 /* Resources */,
			);
			buildRules = (
			);
			dependencies = (
			);
			name = "Trail Safe";
			productName = "Trail Safe";
			productReference = E29D2903175A4E8900594292 /* Trail Safe.app */;
			productType = "com.apple.product-type.application";
		};
/* End PBXNativeTarget section */

/* Begin PBXProject section */
		E29D28FB175A4E8900594292 /* Project object */ = {
			isa = PBXProject;
			attributes = {
				CLASSPREFIX = TSF;
				LastUpgradeCheck = 0460;
				ORGANIZATIONNAME = "Trail Safe";
			};
			buildConfigurationList = E29D28FE175A4E8900594292 /* Build configuration list for PBXProject "Trail Safe" */;
			compatibilityVersion = "Xcode 3.2";
			developmentRegion = English;
			hasScannedForEncodings = 0;
			knownRegions = (
				en,
			);
			mainGroup = E29D28FA175A4E8900594292;
			productRefGroup = E29D2904175A4E8900594292 /* Products */;
			projectDirPath = "";
			projectRoot = "";
			targets = (
				E29D2902175A4E8900594292 /* Trail Safe */,
			);
		};
/* End PBXProject section */

/* Begin PBXResourcesBuildPhase section */
		E29D2901175A4E8900594292 /* Resources */ = {
			isa = PBXResourcesBuildPhase;
			buildActionMask = 2147483647;
			files = (
				E29D2911175A4E8900594292 /* InfoPlist.strings in Resources */,
				E29D2919175A4E8900594292 /* Default.png in Resources */,
				E29D291B175A4E8900594292 /* Default@2x.png in Resources */,
				E29D291D175A4E8900594292 /* Default-568h@2x.png in Resources */,
				E29D2920175A4E8900594292 /* MainStoryboard.storyboard in Resources */,
				E29D292D175A4F7E00594292 /* default.css in Resources */,
				17E97C0C175A833B00AD0582 /* Logo.png in Resources */,
				17E97C0E175A836100AD0582 /* Logo@2x.png in Resources */,
				17E97C10175A859200AD0582 /* cubano.ttf in Resources */,
				17E97C15175A9B7B00AD0582 /* backbtn.png in Resources */,
				17E97C16175A9B7B00AD0582 /* backbtn@2x.png in Resources */,
				173E449E175AAA1600E351DF /* JDFlipNumberView.bundle in Resources */,
				173E44A3175AACC600E351DF /* name@2x.png in Resources */,
				173E44A4175AACC600E351DF /* next@2x.png in Resources */,
				173E44A5175AACC600E351DF /* phonenumber@2x.png in Resources */,
				173E44A6175AACC600E351DF /* welcome@2x.png in Resources */,
				173E44A9175AAF0F00E351DF /* chooseIce@2x.png in Resources */,
				173E44AA175AAF0F00E351DF /* extra@2x.png in Resources */,
				173E44AD175AB26F00E351DF /* help@2x.png in Resources */,
				173E44AE175AB26F00E351DF /* newHike@2x.png in Resources */,
			);
			runOnlyForDeploymentPostprocessing = 0;
		};
/* End PBXResourcesBuildPhase section */

/* Begin PBXSourcesBuildPhase section */
		E29D28FF175A4E8900594292 /* Sources */ = {
			isa = PBXSourcesBuildPhase;
			buildActionMask = 2147483647;
			files = (
				E29D2913175A4E8900594292 /* main.m in Sources */,
				E29D2917175A4E8900594292 /* TSFAppDelegate.m in Sources */,
				E29D2931175A534F00594292 /* TSFPersonalInfoViewController.m in Sources */,
				E29D2934175A57AD00594292 /* TSFICEViewController.m in Sources */,
				E29D293B175A5AF100594292 /* TSFSplashViewController.m in Sources */,
				E29D293E175A5C3C00594292 /* TSFHomeViewController.m in Sources */,
				E29D2942175A5EE100594292 /* TSFBackToHomeSegue.m in Sources */,
				E29D2945175A63B600594292 /* TSFOnHikeViewController.m in Sources */,
				E29D2948175A67B900594292 /* TSFNeedHelpViewController.m in Sources */,
				E29D294E175A6BE800594292 /* TSFStartHikeViewController.m in Sources */,
				E29D2951175A718300594292 /* TSFOnHelpViewController.m in Sources */,
				E2B8B150175A7E8400F98E09 /* JDDateCountdownFlipView.m in Sources */,
				E2B8B151175A7E8400F98E09 /* JDFlipNumberDigitView.m in Sources */,
				E2B8B153175A7E8400F98E09 /* JDFlipNumberView.m in Sources */,
				E2B8B154175A7E8400F98E09 /* JDFlipNumberViewImageFactory.m in Sources */,
				E2CCA3E6175ABC63006E599D /* TSFDevice.m in Sources */,
				E2CCA3E9175ABEB0006E599D /* TSFUser.m in Sources */,
				E2CCA3EC175AC4B3006E599D /* TSFContact.m in Sources */,
				E2CCA408175AD263006E599D /* JXHTTPDataBody.m in Sources */,
				E2CCA409175AD263006E599D /* JXHTTPFileBody.m in Sources */,
				E2CCA40A175AD263006E599D /* JXHTTPFormEncodedBody.m in Sources */,
				E2CCA40B175AD263006E599D /* JXHTTPJSONBody.m in Sources */,
				E2CCA40C175AD263006E599D /* JXHTTPMultipartBody.m in Sources */,
				E2CCA40D175AD263006E599D /* JXHTTPOperation+Convenience.m in Sources */,
				E2CCA40E175AD263006E599D /* JXHTTPOperation.m in Sources */,
				E2CCA40F175AD263006E599D /* JXHTTPOperationQueue.m in Sources */,
				E2CCA410175AD263006E599D /* JXOperation.m in Sources */,
				E2CCA411175AD263006E599D /* JXURLConnectionOperation.m in Sources */,
				E2CCA412175AD263006E599D /* JXURLEncoding.m in Sources */,
				E2CCA416175AD2CC006E599D /* TSFServiceProvider.m in Sources */,
				E2CCA419175AE350006E599D /* TSFActivity.m in Sources */,
			);
			runOnlyForDeploymentPostprocessing = 0;
		};
/* End PBXSourcesBuildPhase section */

/* Begin PBXVariantGroup section */
		E29D290F175A4E8900594292 /* InfoPlist.strings */ = {
			isa = PBXVariantGroup;
			children = (
				E29D2910175A4E8900594292 /* en */,
			);
			name = InfoPlist.strings;
			sourceTree = "<group>";
		};
		E29D291E175A4E8900594292 /* MainStoryboard.storyboard */ = {
			isa = PBXVariantGroup;
			children = (
				E29D291F175A4E8900594292 /* en */,
			);
			name = MainStoryboard.storyboard;
			sourceTree = "<group>";
		};
/* End PBXVariantGroup section */

/* Begin XCBuildConfiguration section */
		E29D2924175A4E8900594292 /* Debug */ = {
			isa = XCBuildConfiguration;
			buildSettings = {
				ALWAYS_SEARCH_USER_PATHS = NO;
				CLANG_CXX_LANGUAGE_STANDARD = "gnu++0x";
				CLANG_CXX_LIBRARY = "libc++";
				CLANG_ENABLE_OBJC_ARC = YES;
				CLANG_WARN_CONSTANT_CONVERSION = YES;
				CLANG_WARN_EMPTY_BODY = YES;
				CLANG_WARN_ENUM_CONVERSION = YES;
				CLANG_WARN_INT_CONVERSION = YES;
				CLANG_WARN__DUPLICATE_METHOD_MATCH = YES;
				"CODE_SIGN_IDENTITY[sdk=iphoneos*]" = "iPhone Developer";
				COPY_PHASE_STRIP = NO;
				GCC_C_LANGUAGE_STANDARD = gnu99;
				GCC_DYNAMIC_NO_PIC = NO;
				GCC_OPTIMIZATION_LEVEL = 0;
				GCC_PREPROCESSOR_DEFINITIONS = (
					"DEBUG=1",
					"$(inherited)",
				);
				GCC_SYMBOLS_PRIVATE_EXTERN = NO;
				GCC_WARN_ABOUT_RETURN_TYPE = YES;
				GCC_WARN_UNINITIALIZED_AUTOS = YES;
				GCC_WARN_UNUSED_VARIABLE = YES;
				IPHONEOS_DEPLOYMENT_TARGET = 6.1;
				ONLY_ACTIVE_ARCH = YES;
				OTHER_LDFLAGS = "-ObjC";
				SDKROOT = iphoneos;
			};
			name = Debug;
		};
		E29D2925175A4E8900594292 /* Release */ = {
			isa = XCBuildConfiguration;
			buildSettings = {
				ALWAYS_SEARCH_USER_PATHS = NO;
				CLANG_CXX_LANGUAGE_STANDARD = "gnu++0x";
				CLANG_CXX_LIBRARY = "libc++";
				CLANG_ENABLE_OBJC_ARC = YES;
				CLANG_WARN_CONSTANT_CONVERSION = YES;
				CLANG_WARN_EMPTY_BODY = YES;
				CLANG_WARN_ENUM_CONVERSION = YES;
				CLANG_WARN_INT_CONVERSION = YES;
				CLANG_WARN__DUPLICATE_METHOD_MATCH = YES;
				"CODE_SIGN_IDENTITY[sdk=iphoneos*]" = "iPhone Developer";
				COPY_PHASE_STRIP = YES;
				GCC_C_LANGUAGE_STANDARD = gnu99;
				GCC_WARN_ABOUT_RETURN_TYPE = YES;
				GCC_WARN_UNINITIALIZED_AUTOS = YES;
				GCC_WARN_UNUSED_VARIABLE = YES;
				IPHONEOS_DEPLOYMENT_TARGET = 6.1;
				OTHER_CFLAGS = "-DNS_BLOCK_ASSERTIONS=1";
				OTHER_LDFLAGS = "-ObjC";
				SDKROOT = iphoneos;
				VALIDATE_PRODUCT = YES;
			};
			name = Release;
		};
		E29D2927175A4E8900594292 /* Debug */ = {
			isa = XCBuildConfiguration;
			buildSettings = {
				FRAMEWORK_SEARCH_PATHS = (
					"$(inherited)",
					"\"$(SRCROOT)/vendor\"",
				);
				GCC_PRECOMPILE_PREFIX_HEADER = YES;
				GCC_PREFIX_HEADER = "Trail Safe/Trail Safe-Prefix.pch";
				INFOPLIST_FILE = "Trail Safe/Trail Safe-Info.plist";
				PRODUCT_NAME = "$(TARGET_NAME)";
				WRAPPER_EXTENSION = app;
			};
			name = Debug;
		};
		E29D2928175A4E8900594292 /* Release */ = {
			isa = XCBuildConfiguration;
			buildSettings = {
				FRAMEWORK_SEARCH_PATHS = (
					"$(inherited)",
					"\"$(SRCROOT)/vendor\"",
				);
				GCC_PRECOMPILE_PREFIX_HEADER = YES;
				GCC_PREFIX_HEADER = "Trail Safe/Trail Safe-Prefix.pch";
				INFOPLIST_FILE = "Trail Safe/Trail Safe-Info.plist";
				PRODUCT_NAME = "$(TARGET_NAME)";
				WRAPPER_EXTENSION = app;
			};
			name = Release;
		};
/* End XCBuildConfiguration section */

/* Begin XCConfigurationList section */
		E29D28FE175A4E8900594292 /* Build configuration list for PBXProject "Trail Safe" */ = {
			isa = XCConfigurationList;
			buildConfigurations = (
				E29D2924175A4E8900594292 /* Debug */,
				E29D2925175A4E8900594292 /* Release */,
			);
			defaultConfigurationIsVisible = 0;
			defaultConfigurationName = Release;
		};
		E29D2926175A4E8900594292 /* Build configuration list for PBXNativeTarget "Trail Safe" */ = {
			isa = XCConfigurationList;
			buildConfigurations = (
				E29D2927175A4E8900594292 /* Debug */,
				E29D2928175A4E8900594292 /* Release */,
			);
			defaultConfigurationIsVisible = 0;
			defaultConfigurationName = Release;
		};
/* End XCConfigurationList section */
	};
	rootObject = E29D28FB175A4E8900594292 /* Project object */;
}
